
Microsoft Visual Studio Solution File, Format Version 12.00
# Visual Studio 15
VisualStudioVersion = 15.0.28307.489
MinimumVisualStudioVersion = 10.0.40219.1
Project("{FAE04EC0-301F-11D3-BF4B-00C04F79EFBC}") = "School-Project", "School-Project\School-Project.csproj", "{19F57843-51F0-4B95-B73A-DDFED4D2B59C}"
EndProject
Global
	GlobalSection(SolutionConfigurationPlatforms) = preSolution
		Debug|Any CPU = Debug|Any CPU
		Release|Any CPU = Release|Any CPU
	EndGlobalSection
	GlobalSection(ProjectConfigurationPlatforms) = postSolution
		{19F57843-51F0-4B95-B73A-DDFED4D2B59C}.Debug|Any CPU.ActiveCfg = Debug|Any CPU
		{19F57843-51F0-4B95-B73A-DDFED4D2B59C}.Debug|Any CPU.Build.0 = Debug|Any CPU
		{19F57843-51F0-4B95-B73A-DDFED4D2B59C}.Release|Any CPU.ActiveCfg = Release|Any CPU
		{19F57843-51F0-4B95-B73A-DDFED4D2B59C}.Release|Any CPU.Build.0 = Release|Any CPU
	EndGlobalSection
	GlobalSection(SolutionProperties) = preSolution
		HideSolutionNode = FALSE
	EndGlobalSection
	GlobalSection(ExtensibilityGlobals) = postSolution
		SolutionGuid = {E7BB67EE-4D51-4FA8-8995-AE6587917B98}
	EndGlobalSection
EndGlobal
